
Microsoft Visual Studio Solution File, Format Version 12.00
# Visual Studio 14
VisualStudioVersion = 14.0.25420.1
MinimumVisualStudioVersion = 10.0.40219.1
Project("{2150E333-8FDC-42A3-9474-1A3956D46DE8}") = "src", "src", "{BB5B549F-175D-4552-A66B-53D68828E212}"
EndProject
Project("{2150E333-8FDC-42A3-9474-1A3956D46DE8}") = "Solution Items", "Solution Items", "{2AEEB131-1B39-4448-81A8-2A43DFBF3B4C}"
	ProjectSection(SolutionItems) = preProject
		global.json = global.json
	EndProjectSection
EndProject
Project("{8BB2217D-0F2D-49D1-97BC-3654ED321F3B}") = "MovieApp", "src\MovieApp\MovieApp.xproj", "{27FB3160-F2AB-424E-A552-74378C1D782F}"
EndProject
Global
	GlobalSection(SolutionConfigurationPlatforms) = preSolution
		Debug|Any CPU = Debug|Any CPU
		Release|Any CPU = Release|Any CPU
	EndGlobalSection
	GlobalSection(ProjectConfigurationPlatforms) = postSolution
		{27FB3160-F2AB-424E-A552-74378C1D782F}.Debug|Any CPU.ActiveCfg = Debug|Any CPU
		{27FB3160-F2AB-424E-A552-74378C1D782F}.Debug|Any CPU.Build.0 = Debug|Any CPU
		{27FB3160-F2AB-424E-A552-74378C1D782F}.Release|Any CPU.ActiveCfg = Release|Any CPU
		{27FB3160-F2AB-424E-A552-74378C1D782F}.Release|Any CPU.Build.0 = Release|Any CPU
	EndGlobalSection
	GlobalSection(SolutionProperties) = preSolution
		HideSolutionNode = FALSE
	EndGlobalSection
	GlobalSection(NestedProjects) = preSolution
		{27FB3160-F2AB-424E-A552-74378C1D782F} = {BB5B549F-175D-4552-A66B-53D68828E212}
	EndGlobalSection
EndGlobal
